// !$*UTF8*$!
{
	archiveVersion = 1;
	classes = {
	};
	objectVersion = 46;
	objects = {

/* Begin PBXBuildFile section */
		6AD625AC1F2F613100A21485 /* Datas.swift in Sources */ = {isa = PBXBuildFile; fileRef = 6AD625AB1F2F613100A21485 /* Datas.swift */; };
		6AD625B01F2F614400A21485 /* DataCenter.swift in Sources */ = {isa = PBXBuildFile; fileRef = 6AD625AF1F2F614400A21485 /* DataCenter.swift */; };
		6AD625B21F2F615500A21485 /* Constants.swift in Sources */ = {isa = PBXBuildFile; fileRef = 6AD625B11F2F615500A21485 /* Constants.swift */; };
		D897BE061F2F1E7D001048AC /* AppDelegate.swift in Sources */ = {isa = PBXBuildFile; fileRef = D897BE051F2F1E7D001048AC /* AppDelegate.swift */; };
		D897BE0B1F2F1E7D001048AC /* Main.storyboard in Resources */ = {isa = PBXBuildFile; fileRef = D897BE091F2F1E7D001048AC /* Main.storyboard */; };
		D897BE0D1F2F1E7D001048AC /* Assets.xcassets in Resources */ = {isa = PBXBuildFile; fileRef = D897BE0C1F2F1E7D001048AC /* Assets.xcassets */; };
		D897BE101F2F1E7D001048AC /* LaunchScreen.storyboard in Resources */ = {isa = PBXBuildFile; fileRef = D897BE0E1F2F1E7D001048AC /* LaunchScreen.storyboard */; };
		D897BE181F2F2655001048AC /* mainTabbarController.swift in Sources */ = {isa = PBXBuildFile; fileRef = D897BE171F2F2655001048AC /* mainTabbarController.swift */; };
		D897BE1A1F2F269F001048AC /* HomeViewController.swift in Sources */ = {isa = PBXBuildFile; fileRef = D897BE191F2F269F001048AC /* HomeViewController.swift */; };
		D897BE1D1F2F277F001048AC /* MainCustomCell.swift in Sources */ = {isa = PBXBuildFile; fileRef = D897BE1B1F2F277F001048AC /* MainCustomCell.swift */; };
		D897BE1E1F2F277F001048AC /* MainCustomCell.xib in Resources */ = {isa = PBXBuildFile; fileRef = D897BE1C1F2F277F001048AC /* MainCustomCell.xib */; };
		D897BE201F2F2825001048AC /* 스크린샷 2017-07-31 오후 5.55.44.png in Resources */ = {isa = PBXBuildFile; fileRef = D897BE1F1F2F2825001048AC /* 스크린샷 2017-07-31 오후 5.55.44.png */; };
		D897BE221F2F2E7C001048AC /* CustomButton_Round.swift in Sources */ = {isa = PBXBuildFile; fileRef = D897BE211F2F2E7C001048AC /* CustomButton_Round.swift */; };
		D897BE241F2F4161001048AC /* 스크린샷 2017-07-31 오후 7.43.24.png in Resources */ = {isa = PBXBuildFile; fileRef = D897BE231F2F4161001048AC /* 스크린샷 2017-07-31 오후 7.43.24.png */; };
		D897BE261F2F5405001048AC /* DetailViewController.swift in Sources */ = {isa = PBXBuildFile; fileRef = D897BE251F2F5405001048AC /* DetailViewController.swift */; };
		D897BE281F2F56A9001048AC /* [Plot] Detail_Info_View.png in Resources */ = {isa = PBXBuildFile; fileRef = D897BE271F2F56A9001048AC /* [Plot] Detail_Info_View.png */; };
		D897BE2A1F2F8242001048AC /* LoginViewController.swift in Sources */ = {isa = PBXBuildFile; fileRef = D897BE291F2F8242001048AC /* LoginViewController.swift */; };
		D897BE2C1F2F8276001048AC /* SignUpViewController.swift in Sources */ = {isa = PBXBuildFile; fileRef = D897BE2B1F2F8276001048AC /* SignUpViewController.swift */; };
		D897BE2E1F2F8BC6001048AC /* Paul_Gauguin_Vincet Van Gogh(아트앤팁)2.jpg in Resources */ = {isa = PBXBuildFile; fileRef = D897BE2D1F2F8BC6001048AC /* Paul_Gauguin_Vincet Van Gogh(아트앤팁)2.jpg */; };
		D897BE311F2F9448001048AC /* UserCommentCustomCell.swift in Sources */ = {isa = PBXBuildFile; fileRef = D897BE2F1F2F9448001048AC /* UserCommentCustomCell.swift */; };
		D897BE321F2F9448001048AC /* UserCommentCustomCell.xib in Resources */ = {isa = PBXBuildFile; fileRef = D897BE301F2F9448001048AC /* UserCommentCustomCell.xib */; };
/* End PBXBuildFile section */

/* Begin PBXFileReference section */
		6AD625AB1F2F613100A21485 /* Datas.swift */ = {isa = PBXFileReference; fileEncoding = 4; lastKnownFileType = sourcecode.swift; path = Datas.swift; sourceTree = "<group>"; };
		6AD625AF1F2F614400A21485 /* DataCenter.swift */ = {isa = PBXFileReference; fileEncoding = 4; lastKnownFileType = sourcecode.swift; path = DataCenter.swift; sourceTree = "<group>"; };
		6AD625B11F2F615500A21485 /* Constants.swift */ = {isa = PBXFileReference; fileEncoding = 4; lastKnownFileType = sourcecode.swift; path = Constants.swift; sourceTree = "<group>"; };
		D897BE021F2F1E7D001048AC /* Plot.app */ = {isa = PBXFileReference; explicitFileType = wrapper.application; includeInIndex = 0; path = Plot.app; sourceTree = BUILT_PRODUCTS_DIR; };
		D897BE051F2F1E7D001048AC /* AppDelegate.swift */ = {isa = PBXFileReference; lastKnownFileType = sourcecode.swift; path = AppDelegate.swift; sourceTree = "<group>"; };
		D897BE0A1F2F1E7D001048AC /* Base */ = {isa = PBXFileReference; lastKnownFileType = file.storyboard; name = Base; path = Base.lproj/Main.storyboard; sourceTree = "<group>"; };
		D897BE0C1F2F1E7D001048AC /* Assets.xcassets */ = {isa = PBXFileReference; lastKnownFileType = folder.assetcatalog; path = Assets.xcassets; sourceTree = "<group>"; };
		D897BE0F1F2F1E7D001048AC /* Base */ = {isa = PBXFileReference; lastKnownFileType = file.storyboard; name = Base; path = Base.lproj/LaunchScreen.storyboard; sourceTree = "<group>"; };
		D897BE111F2F1E7D001048AC /* Info.plist */ = {isa = PBXFileReference; lastKnownFileType = text.plist.xml; path = Info.plist; sourceTree = "<group>"; };
		D897BE171F2F2655001048AC /* mainTabbarController.swift */ = {isa = PBXFileReference; fileEncoding = 4; lastKnownFileType = sourcecode.swift; path = mainTabbarController.swift; sourceTree = "<group>"; };
		D897BE191F2F269F001048AC /* HomeViewController.swift */ = {isa = PBXFileReference; fileEncoding = 4; lastKnownFileType = sourcecode.swift; path = HomeViewController.swift; sourceTree = "<group>"; };
		D897BE1B1F2F277F001048AC /* MainCustomCell.swift */ = {isa = PBXFileReference; fileEncoding = 4; lastKnownFileType = sourcecode.swift; path = MainCustomCell.swift; sourceTree = "<group>"; };
		D897BE1C1F2F277F001048AC /* MainCustomCell.xib */ = {isa = PBXFileReference; fileEncoding = 4; lastKnownFileType = file.xib; path = MainCustomCell.xib; sourceTree = "<group>"; };
		D897BE1F1F2F2825001048AC /* 스크린샷 2017-07-31 오후 5.55.44.png */ = {isa = PBXFileReference; lastKnownFileType = image.png; path = "스크린샷 2017-07-31 오후 5.55.44.png"; sourceTree = "<group>"; };
		D897BE211F2F2E7C001048AC /* CustomButton_Round.swift */ = {isa = PBXFileReference; fileEncoding = 4; lastKnownFileType = sourcecode.swift; path = CustomButton_Round.swift; sourceTree = "<group>"; };
		D897BE231F2F4161001048AC /* 스크린샷 2017-07-31 오후 7.43.24.png */ = {isa = PBXFileReference; lastKnownFileType = image.png; path = "스크린샷 2017-07-31 오후 7.43.24.png"; sourceTree = "<group>"; };
		D897BE251F2F5405001048AC /* DetailViewController.swift */ = {isa = PBXFileReference; fileEncoding = 4; lastKnownFileType = sourcecode.swift; path = DetailViewController.swift; sourceTree = "<group>"; };
		D897BE271F2F56A9001048AC /* [Plot] Detail_Info_View.png */ = {isa = PBXFileReference; lastKnownFileType = image.png; path = "[Plot] Detail_Info_View.png"; sourceTree = "<group>"; };
		D897BE291F2F8242001048AC /* LoginViewController.swift */ = {isa = PBXFileReference; fileEncoding = 4; lastKnownFileType = sourcecode.swift; path = LoginViewController.swift; sourceTree = "<group>"; };
		D897BE2B1F2F8276001048AC /* SignUpViewController.swift */ = {isa = PBXFileReference; fileEncoding = 4; lastKnownFileType = sourcecode.swift; path = SignUpViewController.swift; sourceTree = "<group>"; };
		D897BE2D1F2F8BC6001048AC /* Paul_Gauguin_Vincet Van Gogh(아트앤팁)2.jpg */ = {isa = PBXFileReference; lastKnownFileType = image.jpeg; path = "Paul_Gauguin_Vincet Van Gogh(아트앤팁)2.jpg"; sourceTree = "<group>"; };
		D897BE2F1F2F9448001048AC /* UserCommentCustomCell.swift */ = {isa = PBXFileReference; fileEncoding = 4; lastKnownFileType = sourcecode.swift; path = UserCommentCustomCell.swift; sourceTree = "<group>"; };
		D897BE301F2F9448001048AC /* UserCommentCustomCell.xib */ = {isa = PBXFileReference; fileEncoding = 4; lastKnownFileType = file.xib; path = UserCommentCustomCell.xib; sourceTree = "<group>"; };
/* End PBXFileReference section */

/* Begin PBXFrameworksBuildPhase section */
		D897BDFF1F2F1E7D001048AC /* Frameworks */ = {
			isa = PBXFrameworksBuildPhase;
			buildActionMask = 2147483647;
			files = (
			);
			runOnlyForDeploymentPostprocessing = 0;
		};
/* End PBXFrameworksBuildPhase section */

/* Begin PBXGroup section */
		6AD625B31F2F616C00A21485 /* DataCenter_B */ = {
			isa = PBXGroup;
			children = (
				6AD625AF1F2F614400A21485 /* DataCenter.swift */,
				6AD625AB1F2F613100A21485 /* Datas.swift */,
				6AD625B11F2F615500A21485 /* Constants.swift */,
			);
			name = DataCenter_B;
			sourceTree = "<group>";
		};
		D897BDF91F2F1E7D001048AC = {
			isa = PBXGroup;
			children = (
				D897BE041F2F1E7D001048AC /* Plot */,
				D897BE031F2F1E7D001048AC /* Products */,
			);
			sourceTree = "<group>";
		};
		D897BE031F2F1E7D001048AC /* Products */ = {
			isa = PBXGroup;
			children = (
				D897BE021F2F1E7D001048AC /* Plot.app */,
			);
			name = Products;
			sourceTree = "<group>";
		};
		D897BE041F2F1E7D001048AC /* Plot */ = {
			isa = PBXGroup;
			children = (
				D897BE091F2F1E7D001048AC /* Main.storyboard */,
				D897BE171F2F2655001048AC /* mainTabbarController.swift */,
				D897BE191F2F269F001048AC /* HomeViewController.swift */,
				D897BE251F2F5405001048AC /* DetailViewController.swift */,
				D897BE291F2F8242001048AC /* LoginViewController.swift */,
				D897BE2B1F2F8276001048AC /* SignUpViewController.swift */,
				D897BE051F2F1E7D001048AC /* AppDelegate.swift */,
				D897BE0C1F2F1E7D001048AC /* Assets.xcassets */,
				D897BE1B1F2F277F001048AC /* MainCustomCell.swift */,
				D897BE1C1F2F277F001048AC /* MainCustomCell.xib */,

				D897BE211F2F2E7C001048AC /* CustomButton_Round.swift */,
				6AD625B31F2F616C00A21485 /* DataCenter_B */,
				D897BE111F2F1E7D001048AC /* Info.plist */,

				D897BE2F1F2F9448001048AC /* UserCommentCustomCell.swift */,
				D897BE301F2F9448001048AC /* UserCommentCustomCell.xib */,
				D897BE211F2F2E7C001048AC /* CustomButton_Round.swift */,
				D897BE0E1F2F1E7D001048AC /* LaunchScreen.storyboard */,
				D897BE111F2F1E7D001048AC /* Info.plist */,
				D897BE271F2F56A9001048AC /* [Plot] Detail_Info_View.png */,
				D897BE231F2F4161001048AC /* 스크린샷 2017-07-31 오후 7.43.24.png */,
				D897BE1F1F2F2825001048AC /* 스크린샷 2017-07-31 오후 5.55.44.png */,
				D897BE2D1F2F8BC6001048AC /* Paul_Gauguin_Vincet Van Gogh(아트앤팁)2.jpg */,

			);
			path = Plot;
			sourceTree = "<group>";
		};
/* End PBXGroup section */

/* Begin PBXNativeTarget section */
		D897BE011F2F1E7D001048AC /* Plot */ = {
			isa = PBXNativeTarget;
			buildConfigurationList = D897BE141F2F1E7D001048AC /* Build configuration list for PBXNativeTarget "Plot" */;
			buildPhases = (
				D897BDFE1F2F1E7D001048AC /* Sources */,
				D897BDFF1F2F1E7D001048AC /* Frameworks */,
				D897BE001F2F1E7D001048AC /* Resources */,
			);
			buildRules = (
			);
			dependencies = (
			);
			name = Plot;
			productName = Plot;
			productReference = D897BE021F2F1E7D001048AC /* Plot.app */;
			productType = "com.apple.product-type.application";
		};
/* End PBXNativeTarget section */

/* Begin PBXProject section */
		D897BDFA1F2F1E7D001048AC /* Project object */ = {
			isa = PBXProject;
			attributes = {
				LastSwiftUpdateCheck = 0830;
				LastUpgradeCheck = 0830;
				ORGANIZATIONNAME = joe;
				TargetAttributes = {
					D897BE011F2F1E7D001048AC = {
						CreatedOnToolsVersion = 8.3.3;
						DevelopmentTeam = NN7QXHC8A3;
						ProvisioningStyle = Automatic;
					};
				};
			};
			buildConfigurationList = D897BDFD1F2F1E7D001048AC /* Build configuration list for PBXProject "Plot" */;
			compatibilityVersion = "Xcode 3.2";
			developmentRegion = English;
			hasScannedForEncodings = 0;
			knownRegions = (
				en,
				Base,
			);
			mainGroup = D897BDF91F2F1E7D001048AC;
			productRefGroup = D897BE031F2F1E7D001048AC /* Products */;
			projectDirPath = "";
			projectRoot = "";
			targets = (
				D897BE011F2F1E7D001048AC /* Plot */,
			);
		};
/* End PBXProject section */

/* Begin PBXResourcesBuildPhase section */
		D897BE001F2F1E7D001048AC /* Resources */ = {
			isa = PBXResourcesBuildPhase;
			buildActionMask = 2147483647;
			files = (
				D897BE101F2F1E7D001048AC /* LaunchScreen.storyboard in Resources */,
				D897BE281F2F56A9001048AC /* [Plot] Detail_Info_View.png in Resources */,
				D897BE201F2F2825001048AC /* 스크린샷 2017-07-31 오후 5.55.44.png in Resources */,
				D897BE321F2F9448001048AC /* UserCommentCustomCell.xib in Resources */,
				D897BE0D1F2F1E7D001048AC /* Assets.xcassets in Resources */,
				D897BE241F2F4161001048AC /* 스크린샷 2017-07-31 오후 7.43.24.png in Resources */,
				D897BE0B1F2F1E7D001048AC /* Main.storyboard in Resources */,
				D897BE2E1F2F8BC6001048AC /* Paul_Gauguin_Vincet Van Gogh(아트앤팁)2.jpg in Resources */,
				D897BE1E1F2F277F001048AC /* MainCustomCell.xib in Resources */,
			);
			runOnlyForDeploymentPostprocessing = 0;
		};
/* End PBXResourcesBuildPhase section */

/* Begin PBXSourcesBuildPhase section */
		D897BDFE1F2F1E7D001048AC /* Sources */ = {
			isa = PBXSourcesBuildPhase;
			buildActionMask = 2147483647;
			files = (
				D897BE2A1F2F8242001048AC /* LoginViewController.swift in Sources */,
				D897BE181F2F2655001048AC /* mainTabbarController.swift in Sources */,
				D897BE2C1F2F8276001048AC /* SignUpViewController.swift in Sources */,
				D897BE061F2F1E7D001048AC /* AppDelegate.swift in Sources */,
				6AD625AC1F2F613100A21485 /* Datas.swift in Sources */,
				D897BE1A1F2F269F001048AC /* HomeViewController.swift in Sources */,
				D897BE311F2F9448001048AC /* UserCommentCustomCell.swift in Sources */,
				D897BE261F2F5405001048AC /* DetailViewController.swift in Sources */,
				D897BE221F2F2E7C001048AC /* CustomButton_Round.swift in Sources */,
				6AD625B01F2F614400A21485 /* DataCenter.swift in Sources */,
				D897BE1D1F2F277F001048AC /* MainCustomCell.swift in Sources */,
				6AD625B21F2F615500A21485 /* Constants.swift in Sources */,
			);
			runOnlyForDeploymentPostprocessing = 0;
		};
/* End PBXSourcesBuildPhase section */

/* Begin PBXVariantGroup section */
		D897BE091F2F1E7D001048AC /* Main.storyboard */ = {
			isa = PBXVariantGroup;
			children = (
				D897BE0A1F2F1E7D001048AC /* Base */,
			);
			name = Main.storyboard;
			sourceTree = "<group>";
		};
		D897BE0E1F2F1E7D001048AC /* LaunchScreen.storyboard */ = {
			isa = PBXVariantGroup;
			children = (
				D897BE0F1F2F1E7D001048AC /* Base */,
			);
			name = LaunchScreen.storyboard;
			sourceTree = "<group>";
		};
/* End PBXVariantGroup section */

/* Begin XCBuildConfiguration section */
		D897BE121F2F1E7D001048AC /* Debug */ = {
			isa = XCBuildConfiguration;
			buildSettings = {
				ALWAYS_SEARCH_USER_PATHS = NO;
				CLANG_ANALYZER_NONNULL = YES;
				CLANG_ANALYZER_NUMBER_OBJECT_CONVERSION = YES_AGGRESSIVE;
				CLANG_CXX_LANGUAGE_STANDARD = "gnu++0x";
				CLANG_CXX_LIBRARY = "libc++";
				CLANG_ENABLE_MODULES = YES;
				CLANG_ENABLE_OBJC_ARC = YES;
				CLANG_WARN_BOOL_CONVERSION = YES;
				CLANG_WARN_CONSTANT_CONVERSION = YES;
				CLANG_WARN_DIRECT_OBJC_ISA_USAGE = YES_ERROR;
				CLANG_WARN_DOCUMENTATION_COMMENTS = YES;
				CLANG_WARN_EMPTY_BODY = YES;
				CLANG_WARN_ENUM_CONVERSION = YES;
				CLANG_WARN_INFINITE_RECURSION = YES;
				CLANG_WARN_INT_CONVERSION = YES;
				CLANG_WARN_OBJC_ROOT_CLASS = YES_ERROR;
				CLANG_WARN_SUSPICIOUS_MOVE = YES;
				CLANG_WARN_UNREACHABLE_CODE = YES;
				CLANG_WARN__DUPLICATE_METHOD_MATCH = YES;
				"CODE_SIGN_IDENTITY[sdk=iphoneos*]" = "iPhone Developer";
				COPY_PHASE_STRIP = NO;
				DEBUG_INFORMATION_FORMAT = dwarf;
				ENABLE_STRICT_OBJC_MSGSEND = YES;
				ENABLE_TESTABILITY = YES;
				GCC_C_LANGUAGE_STANDARD = gnu99;
				GCC_DYNAMIC_NO_PIC = NO;
				GCC_NO_COMMON_BLOCKS = YES;
				GCC_OPTIMIZATION_LEVEL = 0;
				GCC_PREPROCESSOR_DEFINITIONS = (
					"DEBUG=1",
					"$(inherited)",
				);
				GCC_WARN_64_TO_32_BIT_CONVERSION = YES;
				GCC_WARN_ABOUT_RETURN_TYPE = YES_ERROR;
				GCC_WARN_UNDECLARED_SELECTOR = YES;
				GCC_WARN_UNINITIALIZED_AUTOS = YES_AGGRESSIVE;
				GCC_WARN_UNUSED_FUNCTION = YES;
				GCC_WARN_UNUSED_VARIABLE = YES;
				IPHONEOS_DEPLOYMENT_TARGET = 10.3;
				MTL_ENABLE_DEBUG_INFO = YES;
				ONLY_ACTIVE_ARCH = YES;
				SDKROOT = iphoneos;
				SWIFT_ACTIVE_COMPILATION_CONDITIONS = DEBUG;
				SWIFT_OPTIMIZATION_LEVEL = "-Onone";
			};
			name = Debug;
		};
		D897BE131F2F1E7D001048AC /* Release */ = {
			isa = XCBuildConfiguration;
			buildSettings = {
				ALWAYS_SEARCH_USER_PATHS = NO;
				CLANG_ANALYZER_NONNULL = YES;
				CLANG_ANALYZER_NUMBER_OBJECT_CONVERSION = YES_AGGRESSIVE;
				CLANG_CXX_LANGUAGE_STANDARD = "gnu++0x";
				CLANG_CXX_LIBRARY = "libc++";
				CLANG_ENABLE_MODULES = YES;
				CLANG_ENABLE_OBJC_ARC = YES;
				CLANG_WARN_BOOL_CONVERSION = YES;
				CLANG_WARN_CONSTANT_CONVERSION = YES;
				CLANG_WARN_DIRECT_OBJC_ISA_USAGE = YES_ERROR;
				CLANG_WARN_DOCUMENTATION_COMMENTS = YES;
				CLANG_WARN_EMPTY_BODY = YES;
				CLANG_WARN_ENUM_CONVERSION = YES;
				CLANG_WARN_INFINITE_RECURSION = YES;
				CLANG_WARN_INT_CONVERSION = YES;
				CLANG_WARN_OBJC_ROOT_CLASS = YES_ERROR;
				CLANG_WARN_SUSPICIOUS_MOVE = YES;
				CLANG_WARN_UNREACHABLE_CODE = YES;
				CLANG_WARN__DUPLICATE_METHOD_MATCH = YES;
				"CODE_SIGN_IDENTITY[sdk=iphoneos*]" = "iPhone Developer";
				COPY_PHASE_STRIP = NO;
				DEBUG_INFORMATION_FORMAT = "dwarf-with-dsym";
				ENABLE_NS_ASSERTIONS = NO;
				ENABLE_STRICT_OBJC_MSGSEND = YES;
				GCC_C_LANGUAGE_STANDARD = gnu99;
				GCC_NO_COMMON_BLOCKS = YES;
				GCC_WARN_64_TO_32_BIT_CONVERSION = YES;
				GCC_WARN_ABOUT_RETURN_TYPE = YES_ERROR;
				GCC_WARN_UNDECLARED_SELECTOR = YES;
				GCC_WARN_UNINITIALIZED_AUTOS = YES_AGGRESSIVE;
				GCC_WARN_UNUSED_FUNCTION = YES;
				GCC_WARN_UNUSED_VARIABLE = YES;
				IPHONEOS_DEPLOYMENT_TARGET = 10.3;
				MTL_ENABLE_DEBUG_INFO = NO;
				SDKROOT = iphoneos;
				SWIFT_OPTIMIZATION_LEVEL = "-Owholemodule";
				VALIDATE_PRODUCT = YES;
			};
			name = Release;
		};
		D897BE151F2F1E7D001048AC /* Debug */ = {
			isa = XCBuildConfiguration;
			buildSettings = {
				ASSETCATALOG_COMPILER_APPICON_NAME = AppIcon;
				DEVELOPMENT_TEAM = NN7QXHC8A3;
				INFOPLIST_FILE = Plot/Info.plist;
				IPHONEOS_DEPLOYMENT_TARGET = 8.0;
				LD_RUNPATH_SEARCH_PATHS = "$(inherited) @executable_path/Frameworks";
				PRODUCT_BUNDLE_IDENTIFIER = kr.xoul.Plot;
				PRODUCT_NAME = "$(TARGET_NAME)";
				SWIFT_VERSION = 3.0;
			};
			name = Debug;
		};
		D897BE161F2F1E7D001048AC /* Release */ = {
			isa = XCBuildConfiguration;
			buildSettings = {
				ASSETCATALOG_COMPILER_APPICON_NAME = AppIcon;
				DEVELOPMENT_TEAM = NN7QXHC8A3;
				INFOPLIST_FILE = Plot/Info.plist;
				IPHONEOS_DEPLOYMENT_TARGET = 8.0;
				LD_RUNPATH_SEARCH_PATHS = "$(inherited) @executable_path/Frameworks";
				PRODUCT_BUNDLE_IDENTIFIER = kr.xoul.Plot;
				PRODUCT_NAME = "$(TARGET_NAME)";
				SWIFT_VERSION = 3.0;
			};
			name = Release;
		};
/* End XCBuildConfiguration section */

/* Begin XCConfigurationList section */
		D897BDFD1F2F1E7D001048AC /* Build configuration list for PBXProject "Plot" */ = {
			isa = XCConfigurationList;
			buildConfigurations = (
				D897BE121F2F1E7D001048AC /* Debug */,
				D897BE131F2F1E7D001048AC /* Release */,
			);
			defaultConfigurationIsVisible = 0;
			defaultConfigurationName = Release;
		};
		D897BE141F2F1E7D001048AC /* Build configuration list for PBXNativeTarget "Plot" */ = {
			isa = XCConfigurationList;
			buildConfigurations = (
				D897BE151F2F1E7D001048AC /* Debug */,
				D897BE161F2F1E7D001048AC /* Release */,
			);
			defaultConfigurationIsVisible = 0;
			defaultConfigurationName = Release;
		};
/* End XCConfigurationList section */
	};
	rootObject = D897BDFA1F2F1E7D001048AC /* Project object */;
}
